// !$*UTF8*$!
{
	archiveVersion = 1;
	classes = {
	};
	objectVersion = 56;
	objects = {

/* Begin PBXBuildFile section */
		1229A99E2B9F602E00E765B6 /* Balance_ExampleApp.swift in Sources */ = {isa = PBXBuildFile; fileRef = 1229A99D2B9F602E00E765B6 /* Balance_ExampleApp.swift */; };
		1229A9A02B9F602E00E765B6 /* ContentView.swift in Sources */ = {isa = PBXBuildFile; fileRef = 1229A99F2B9F602E00E765B6 /* ContentView.swift */; };
		1229A9A22B9F603000E765B6 /* Assets.xcassets in Resources */ = {isa = PBXBuildFile; fileRef = 1229A9A12B9F603000E765B6 /* Assets.xcassets */; };
		1229A9A62B9F603000E765B6 /* Preview Assets.xcassets in Resources */ = {isa = PBXBuildFile; fileRef = 1229A9A52B9F603000E765B6 /* Preview Assets.xcassets */; };
		1229A9B02B9F603000E765B6 /* Balance_ExampleTests.swift in Sources */ = {isa = PBXBuildFile; fileRef = 1229A9AF2B9F603000E765B6 /* Balance_ExampleTests.swift */; };
		1229A9BA2B9F603000E765B6 /* Balance_ExampleUITests.swift in Sources */ = {isa = PBXBuildFile; fileRef = 1229A9B92B9F603000E765B6 /* Balance_ExampleUITests.swift */; };
		1229A9BC2B9F603000E765B6 /* Balance_ExampleUITestsLaunchTests.swift in Sources */ = {isa = PBXBuildFile; fileRef = 1229A9BB2B9F603000E765B6 /* Balance_ExampleUITestsLaunchTests.swift */; };
/* End PBXBuildFile section */

/* Begin PBXContainerItemProxy section */
		1229A9AC2B9F603000E765B6 /* PBXContainerItemProxy */ = {
			isa = PBXContainerItemProxy;
			containerPortal = 1229A9922B9F602E00E765B6 /* Project object */;
			proxyType = 1;
			remoteGlobalIDString = 1229A9992B9F602E00E765B6;
			remoteInfo = "Balance Example";
		};
		1229A9B62B9F603000E765B6 /* PBXContainerItemProxy */ = {
			isa = PBXContainerItemProxy;
			containerPortal = 1229A9922B9F602E00E765B6 /* Project object */;
			proxyType = 1;
			remoteGlobalIDString = 1229A9992B9F602E00E765B6;
			remoteInfo = "Balance Example";
		};
/* End PBXContainerItemProxy section */

/* Begin PBXFileReference section */
		1229A99A2B9F602E00E765B6 /* Balance Example.app */ = {isa = PBXFileReference; explicitFileType = wrapper.application; includeInIndex = 0; path = "Balance Example.app"; sourceTree = BUILT_PRODUCTS_DIR; };
		1229A99D2B9F602E00E765B6 /* Balance_ExampleApp.swift */ = {isa = PBXFileReference; lastKnownFileType = sourcecode.swift; path = Balance_ExampleApp.swift; sourceTree = "<group>"; };
		1229A99F2B9F602E00E765B6 /* ContentView.swift */ = {isa = PBXFileReference; lastKnownFileType = sourcecode.swift; path = ContentView.swift; sourceTree = "<group>"; };
		1229A9A12B9F603000E765B6 /* Assets.xcassets */ = {isa = PBXFileReference; lastKnownFileType = folder.assetcatalog; path = Assets.xcassets; sourceTree = "<group>"; };
		1229A9A32B9F603000E765B6 /* Balance_Example.entitlements */ = {isa = PBXFileReference; lastKnownFileType = text.plist.entitlements; path = Balance_Example.entitlements; sourceTree = "<group>"; };
		1229A9A52B9F603000E765B6 /* Preview Assets.xcassets */ = {isa = PBXFileReference; lastKnownFileType = folder.assetcatalog; path = "Preview Assets.xcassets"; sourceTree = "<group>"; };
		1229A9AB2B9F603000E765B6 /* Balance ExampleTests.xctest */ = {isa = PBXFileReference; explicitFileType = wrapper.cfbundle; includeInIndex = 0; path = "Balance ExampleTests.xctest"; sourceTree = BUILT_PRODUCTS_DIR; };
		1229A9AF2B9F603000E765B6 /* Balance_ExampleTests.swift */ = {isa = PBXFileReference; lastKnownFileType = sourcecode.swift; path = Balance_ExampleTests.swift; sourceTree = "<group>"; };
		1229A9B52B9F603000E765B6 /* Balance ExampleUITests.xctest */ = {isa = PBXFileReference; explicitFileType = wrapper.cfbundle; includeInIndex = 0; path = "Balance ExampleUITests.xctest"; sourceTree = BUILT_PRODUCTS_DIR; };
		1229A9B92B9F603000E765B6 /* Balance_ExampleUITests.swift */ = {isa = PBXFileReference; lastKnownFileType = sourcecode.swift; path = Balance_ExampleUITests.swift; sourceTree = "<group>"; };
		1229A9BB2B9F603000E765B6 /* Balance_ExampleUITestsLaunchTests.swift */ = {isa = PBXFileReference; lastKnownFileType = sourcecode.swift; path = Balance_ExampleUITestsLaunchTests.swift; sourceTree = "<group>"; };
/* End PBXFileReference section */

/* Begin PBXFrameworksBuildPhase section */
		1229A9972B9F602E00E765B6 /* Frameworks */ = {
			isa = PBXFrameworksBuildPhase;
			buildActionMask = 2147483647;
			files = (
			);
			runOnlyForDeploymentPostprocessing = 0;
		};
		1229A9A82B9F603000E765B6 /* Frameworks */ = {
			isa = PBXFrameworksBuildPhase;
			buildActionMask = 2147483647;
			files = (
			);
			runOnlyForDeploymentPostprocessing = 0;
		};
		1229A9B22B9F603000E765B6 /* Frameworks */ = {
			isa = PBXFrameworksBuildPhase;
			buildActionMask = 2147483647;
			files = (
			);
			runOnlyForDeploymentPostprocessing = 0;
		};
/* End PBXFrameworksBuildPhase section */

/* Begin PBXGroup section */
		1229A9912B9F602E00E765B6 = {
			isa = PBXGroup;
			children = (
				1229A99C2B9F602E00E765B6 /* Balance Example */,
				1229A9AE2B9F603000E765B6 /* Balance ExampleTests */,
				1229A9B82B9F603000E765B6 /* Balance ExampleUITests */,
				1229A99B2B9F602E00E765B6 /* Products */,
			);
			sourceTree = "<group>";
		};
		1229A99B2B9F602E00E765B6 /* Products */ = {
			isa = PBXGroup;
			children = (
				1229A99A2B9F602E00E765B6 /* Balance Example.app */,
				1229A9AB2B9F603000E765B6 /* Balance ExampleTests.xctest */,
				1229A9B52B9F603000E765B6 /* Balance ExampleUITests.xctest */,
			);
			name = Products;
			sourceTree = "<group>";
		};
		1229A99C2B9F602E00E765B6 /* Balance Example */ = {
			isa = PBXGroup;
			children = (
				1229A99D2B9F602E00E765B6 /* Balance_ExampleApp.swift */,
				1229A99F2B9F602E00E765B6 /* ContentView.swift */,
				1229A9A12B9F603000E765B6 /* Assets.xcassets */,
				1229A9A32B9F603000E765B6 /* Balance_Example.entitlements */,
				1229A9A42B9F603000E765B6 /* Preview Content */,
			);
			path = "Balance Example";
			sourceTree = "<group>";
		};
		1229A9A42B9F603000E765B6 /* Preview Content */ = {
			isa = PBXGroup;
			children = (
				1229A9A52B9F603000E765B6 /* Preview Assets.xcassets */,
			);
			path = "Preview Content";
			sourceTree = "<group>";
		};
		1229A9AE2B9F603000E765B6 /* Balance ExampleTests */ = {
			isa = PBXGroup;
			children = (
				1229A9AF2B9F603000E765B6 /* Balance_ExampleTests.swift */,
			);
			path = "Balance ExampleTests";
			sourceTree = "<group>";
		};
		1229A9B82B9F603000E765B6 /* Balance ExampleUITests */ = {
			isa = PBXGroup;
			children = (
				1229A9B92B9F603000E765B6 /* Balance_ExampleUITests.swift */,
				1229A9BB2B9F603000E765B6 /* Balance_ExampleUITestsLaunchTests.swift */,
			);
			path = "Balance ExampleUITests";
			sourceTree = "<group>";
		};
/* End PBXGroup section */

/* Begin PBXNativeTarget section */
		1229A9992B9F602E00E765B6 /* Balance Example */ = {
			isa = PBXNativeTarget;
			buildConfigurationList = 1229A9BF2B9F603000E765B6 /* Build configuration list for PBXNativeTarget "Balance Example" */;
			buildPhases = (
				1229A9962B9F602E00E765B6 /* Sources */,
				1229A9972B9F602E00E765B6 /* Frameworks */,
				1229A9982B9F602E00E765B6 /* Resources */,
			);
			buildRules = (
			);
			dependencies = (
			);
			name = "Balance Example";
			productName = "Balance Example";
			productReference = 1229A99A2B9F602E00E765B6 /* Balance Example.app */;
			productType = "com.apple.product-type.application";
		};
		1229A9AA2B9F603000E765B6 /* Balance ExampleTests */ = {
			isa = PBXNativeTarget;
			buildConfigurationList = 1229A9C22B9F603000E765B6 /* Build configuration list for PBXNativeTarget "Balance ExampleTests" */;
			buildPhases = (
				1229A9A72B9F603000E765B6 /* Sources */,
				1229A9A82B9F603000E765B6 /* Frameworks */,
				1229A9A92B9F603000E765B6 /* Resources */,
			);
			buildRules = (
			);
			dependencies = (
				1229A9AD2B9F603000E765B6 /* PBXTargetDependency */,
			);
			name = "Balance ExampleTests";
			productName = "Balance ExampleTests";
			productReference = 1229A9AB2B9F603000E765B6 /* Balance ExampleTests.xctest */;
			productType = "com.apple.product-type.bundle.unit-test";
		};
		1229A9B42B9F603000E765B6 /* Balance ExampleUITests */ = {
			isa = PBXNativeTarget;
			buildConfigurationList = 1229A9C52B9F603000E765B6 /* Build configuration list for PBXNativeTarget "Balance ExampleUITests" */;
			buildPhases = (
				1229A9B12B9F603000E765B6 /* Sources */,
				1229A9B22B9F603000E765B6 /* Frameworks */,
				1229A9B32B9F603000E765B6 /* Resources */,
			);
			buildRules = (
			);
			dependencies = (
				1229A9B72B9F603000E765B6 /* PBXTargetDependency */,
			);
			name = "Balance ExampleUITests";
			productName = "Balance ExampleUITests";
			productReference = 1229A9B52B9F603000E765B6 /* Balance ExampleUITests.xctest */;
			productType = "com.apple.product-type.bundle.ui-testing";
		};
/* End PBXNativeTarget section */

/* Begin PBXProject section */
		1229A9922B9F602E00E765B6 /* Project object */ = {
			isa = PBXProject;
			attributes = {
				BuildIndependentTargetsInParallel = 1;
				LastSwiftUpdateCheck = 1530;
				LastUpgradeCheck = 1530;
				TargetAttributes = {
					1229A9992B9F602E00E765B6 = {
						CreatedOnToolsVersion = 15.3;
					};
					1229A9AA2B9F603000E765B6 = {
						CreatedOnToolsVersion = 15.3;
						TestTargetID = 1229A9992B9F602E00E765B6;
					};
					1229A9B42B9F603000E765B6 = {
						CreatedOnToolsVersion = 15.3;
						TestTargetID = 1229A9992B9F602E00E765B6;
					};
				};
			};
			buildConfigurationList = 1229A9952B9F602E00E765B6 /* Build configuration list for PBXProject "Balance Example" */;
			compatibilityVersion = "Xcode 14.0";
			developmentRegion = en;
			hasScannedForEncodings = 0;
			knownRegions = (
				en,
				Base,
			);
			mainGroup = 1229A9912B9F602E00E765B6;
			productRefGroup = 1229A99B2B9F602E00E765B6 /* Products */;
			projectDirPath = "";
			projectRoot = "";
			targets = (
				1229A9992B9F602E00E765B6 /* Balance Example */,
				1229A9AA2B9F603000E765B6 /* Balance ExampleTests */,
				1229A9B42B9F603000E765B6 /* Balance ExampleUITests */,
			);
		};
/* End PBXProject section */

/* Begin PBXResourcesBuildPhase section */
		1229A9982B9F602E00E765B6 /* Resources */ = {
			isa = PBXResourcesBuildPhase;
			buildActionMask = 2147483647;
			files = (
				1229A9A62B9F603000E765B6 /* Preview Assets.xcassets in Resources */,
				1229A9A22B9F603000E765B6 /* Assets.xcassets in Resources */,
			);
			runOnlyForDeploymentPostprocessing = 0;
		};
		1229A9A92B9F603000E765B6 /* Resources */ = {
			isa = PBXResourcesBuildPhase;
			buildActionMask = 2147483647;
			files = (
			);
			runOnlyForDeploymentPostprocessing = 0;
		};
		1229A9B32B9F603000E765B6 /* Resources */ = {
			isa = PBXResourcesBuildPhase;
			buildActionMask = 2147483647;
			files = (
			);
			runOnlyForDeploymentPostprocessing = 0;
		};
/* End PBXResourcesBuildPhase section */

/* Begin PBXSourcesBuildPhase section */
		1229A9962B9F602E00E765B6 /* Sources */ = {
			isa = PBXSourcesBuildPhase;
			buildActionMask = 2147483647;
			files = (
				1229A9A02B9F602E00E765B6 /* ContentView.swift in Sources */,
				1229A99E2B9F602E00E765B6 /* Balance_ExampleApp.swift in Sources */,
			);
			runOnlyForDeploymentPostprocessing = 0;
		};
		1229A9A72B9F603000E765B6 /* Sources */ = {
			isa = PBXSourcesBuildPhase;
			buildActionMask = 2147483647;
			files = (
				1229A9B02B9F603000E765B6 /* Balance_ExampleTests.swift in Sources */,
			);
			runOnlyForDeploymentPostprocessing = 0;
		};
		1229A9B12B9F603000E765B6 /* Sources */ = {
			isa = PBXSourcesBuildPhase;
			buildActionMask = 2147483647;
			files = (
				1229A9BC2B9F603000E765B6 /* Balance_ExampleUITestsLaunchTests.swift in Sources */,
				1229A9BA2B9F603000E765B6 /* Balance_ExampleUITests.swift in Sources */,
			);
			runOnlyForDeploymentPostprocessing = 0;
		};
/* End PBXSourcesBuildPhase section */

/* Begin PBXTargetDependency section */
		1229A9AD2B9F603000E765B6 /* PBXTargetDependency */ = {
			isa = PBXTargetDependency;
			target = 1229A9992B9F602E00E765B6 /* Balance Example */;
			targetProxy = 1229A9AC2B9F603000E765B6 /* PBXContainerItemProxy */;
		};
		1229A9B72B9F603000E765B6 /* PBXTargetDependency */ = {
			isa = PBXTargetDependency;
			target = 1229A9992B9F602E00E765B6 /* Balance Example */;
			targetProxy = 1229A9B62B9F603000E765B6 /* PBXContainerItemProxy */;
		};
/* End PBXTargetDependency section */

/* Begin XCBuildConfiguration section */
		1229A9BD2B9F603000E765B6 /* Debug */ = {
			isa = XCBuildConfiguration;
			buildSettings = {
				ALWAYS_SEARCH_USER_PATHS = NO;
				ASSETCATALOG_COMPILER_GENERATE_SWIFT_ASSET_SYMBOL_EXTENSIONS = YES;
				CLANG_ANALYZER_NONNULL = YES;
				CLANG_ANALYZER_NUMBER_OBJECT_CONVERSION = YES_AGGRESSIVE;
				CLANG_CXX_LANGUAGE_STANDARD = "gnu++20";
				CLANG_ENABLE_MODULES = YES;
				CLANG_ENABLE_OBJC_ARC = YES;
				CLANG_ENABLE_OBJC_WEAK = YES;
				CLANG_WARN_BLOCK_CAPTURE_AUTORELEASING = YES;
				CLANG_WARN_BOOL_CONVERSION = YES;
				CLANG_WARN_COMMA = YES;
				CLANG_WARN_CONSTANT_CONVERSION = YES;
				CLANG_WARN_DEPRECATED_OBJC_IMPLEMENTATIONS = YES;
				CLANG_WARN_DIRECT_OBJC_ISA_USAGE = YES_ERROR;
				CLANG_WARN_DOCUMENTATION_COMMENTS = YES;
				CLANG_WARN_EMPTY_BODY = YES;
				CLANG_WARN_ENUM_CONVERSION = YES;
				CLANG_WARN_INFINITE_RECURSION = YES;
				CLANG_WARN_INT_CONVERSION = YES;
				CLANG_WARN_NON_LITERAL_NULL_CONVERSION = YES;
				CLANG_WARN_OBJC_IMPLICIT_RETAIN_SELF = YES;
				CLANG_WARN_OBJC_LITERAL_CONVERSION = YES;
				CLANG_WARN_OBJC_ROOT_CLASS = YES_ERROR;
				CLANG_WARN_QUOTED_INCLUDE_IN_FRAMEWORK_HEADER = YES;
				CLANG_WARN_RANGE_LOOP_ANALYSIS = YES;
				CLANG_WARN_STRICT_PROTOTYPES = YES;
				CLANG_WARN_SUSPICIOUS_MOVE = YES;
				CLANG_WARN_UNGUARDED_AVAILABILITY = YES_AGGRESSIVE;
				CLANG_WARN_UNREACHABLE_CODE = YES;
				CLANG_WARN__DUPLICATE_METHOD_MATCH = YES;
				COPY_PHASE_STRIP = NO;
				DEBUG_INFORMATION_FORMAT = dwarf;
				ENABLE_STRICT_OBJC_MSGSEND = YES;
				ENABLE_TESTABILITY = YES;
				ENABLE_USER_SCRIPT_SANDBOXING = YES;
				GCC_C_LANGUAGE_STANDARD = gnu17;
				GCC_DYNAMIC_NO_PIC = NO;
				GCC_NO_COMMON_BLOCKS = YES;
				GCC_OPTIMIZATION_LEVEL = 0;
				GCC_PREPROCESSOR_DEFINITIONS = (
					"DEBUG=1",
					"$(inherited)",
				);
				GCC_WARN_64_TO_32_BIT_CONVERSION = YES;
				GCC_WARN_ABOUT_RETURN_TYPE = YES_ERROR;
				GCC_WARN_UNDECLARED_SELECTOR = YES;
				GCC_WARN_UNINITIALIZED_AUTOS = YES_AGGRESSIVE;
				GCC_WARN_UNUSED_FUNCTION = YES;
				GCC_WARN_UNUSED_VARIABLE = YES;
				LOCALIZATION_PREFERS_STRING_CATALOGS = YES;
				MTL_ENABLE_DEBUG_INFO = INCLUDE_SOURCE;
				MTL_FAST_MATH = YES;
				ONLY_ACTIVE_ARCH = YES;
				SWIFT_ACTIVE_COMPILATION_CONDITIONS = "DEBUG $(inherited)";
				SWIFT_OPTIMIZATION_LEVEL = "-Onone";
			};
			name = Debug;
		};
		1229A9BE2B9F603000E765B6 /* Release */ = {
			isa = XCBuildConfiguration;
			buildSettings = {
				ALWAYS_SEARCH_USER_PATHS = NO;
				ASSETCATALOG_COMPILER_GENERATE_SWIFT_ASSET_SYMBOL_EXTENSIONS = YES;
				CLANG_ANALYZER_NONNULL = YES;
				CLANG_ANALYZER_NUMBER_OBJECT_CONVERSION = YES_AGGRESSIVE;
				CLANG_CXX_LANGUAGE_STANDARD = "gnu++20";
				CLANG_ENABLE_MODULES = YES;
				CLANG_ENABLE_OBJC_ARC = YES;
				CLANG_ENABLE_OBJC_WEAK = YES;
				CLANG_WARN_BLOCK_CAPTURE_AUTORELEASING = YES;
				CLANG_WARN_BOOL_CONVERSION = YES;
				CLANG_WARN_COMMA = YES;
				CLANG_WARN_CONSTANT_CONVERSION = YES;
				CLANG_WARN_DEPRECATED_OBJC_IMPLEMENTATIONS = YES;
				CLANG_WARN_DIRECT_OBJC_ISA_USAGE = YES_ERROR;
				CLANG_WARN_DOCUMENTATION_COMMENTS = YES;
				CLANG_WARN_EMPTY_BODY = YES;
				CLANG_WARN_ENUM_CONVERSION = YES;
				CLANG_WARN_INFINITE_RECURSION = YES;
				CLANG_WARN_INT_CONVERSION = YES;
				CLANG_WARN_NON_LITERAL_NULL_CONVERSION = YES;
				CLANG_WARN_OBJC_IMPLICIT_RETAIN_SELF = YES;
				CLANG_WARN_OBJC_LITERAL_CONVERSION = YES;
				CLANG_WARN_OBJC_ROOT_CLASS = YES_ERROR;
				CLANG_WARN_QUOTED_INCLUDE_IN_FRAMEWORK_HEADER = YES;
				CLANG_WARN_RANGE_LOOP_ANALYSIS = YES;
				CLANG_WARN_STRICT_PROTOTYPES = YES;
				CLANG_WARN_SUSPICIOUS_MOVE = YES;
				CLANG_WARN_UNGUARDED_AVAILABILITY = YES_AGGRESSIVE;
				CLANG_WARN_UNREACHABLE_CODE = YES;
				CLANG_WARN__DUPLICATE_METHOD_MATCH = YES;
				COPY_PHASE_STRIP = NO;
				DEBUG_INFORMATION_FORMAT = "dwarf-with-dsym";
				ENABLE_NS_ASSERTIONS = NO;
				ENABLE_STRICT_OBJC_MSGSEND = YES;
				ENABLE_USER_SCRIPT_SANDBOXING = YES;
				GCC_C_LANGUAGE_STANDARD = gnu17;
				GCC_NO_COMMON_BLOCKS = YES;
				GCC_WARN_64_TO_32_BIT_CONVERSION = YES;
				GCC_WARN_ABOUT_RETURN_TYPE = YES_ERROR;
				GCC_WARN_UNDECLARED_SELECTOR = YES;
				GCC_WARN_UNINITIALIZED_AUTOS = YES_AGGRESSIVE;
				GCC_WARN_UNUSED_FUNCTION = YES;
				GCC_WARN_UNUSED_VARIABLE = YES;
				LOCALIZATION_PREFERS_STRING_CATALOGS = YES;
				MTL_ENABLE_DEBUG_INFO = NO;
				MTL_FAST_MATH = YES;
				SWIFT_COMPILATION_MODE = wholemodule;
			};
			name = Release;
		};
		1229A9C02B9F603000E765B6 /* Debug */ = {
			isa = XCBuildConfiguration;
			buildSettings = {
				ASSETCATALOG_COMPILER_APPICON_NAME = AppIcon;
				ASSETCATALOG_COMPILER_GLOBAL_ACCENT_COLOR_NAME = AccentColor;
				CODE_SIGN_ENTITLEMENTS = "Balance Example/Balance_Example.entitlements";
				CODE_SIGN_STYLE = Automatic;
				CURRENT_PROJECT_VERSION = 1;
				DEVELOPMENT_ASSET_PATHS = "\"Balance Example/Preview Content\"";
				DEVELOPMENT_TEAM = 8QQYNTY523;
				ENABLE_HARDENED_RUNTIME = YES;
				ENABLE_PREVIEWS = YES;
				GENERATE_INFOPLIST_FILE = YES;
				"INFOPLIST_KEY_UIApplicationSceneManifest_Generation[sdk=iphoneos*]" = YES;
				"INFOPLIST_KEY_UIApplicationSceneManifest_Generation[sdk=iphonesimulator*]" = YES;
				"INFOPLIST_KEY_UIApplicationSupportsIndirectInputEvents[sdk=iphoneos*]" = YES;
				"INFOPLIST_KEY_UIApplicationSupportsIndirectInputEvents[sdk=iphonesimulator*]" = YES;
				"INFOPLIST_KEY_UILaunchScreen_Generation[sdk=iphoneos*]" = YES;
				"INFOPLIST_KEY_UILaunchScreen_Generation[sdk=iphonesimulator*]" = YES;
				"INFOPLIST_KEY_UIStatusBarStyle[sdk=iphoneos*]" = UIStatusBarStyleDefault;
				"INFOPLIST_KEY_UIStatusBarStyle[sdk=iphonesimulator*]" = UIStatusBarStyleDefault;
				INFOPLIST_KEY_UISupportedInterfaceOrientations_iPad = "UIInterfaceOrientationPortrait UIInterfaceOrientationPortraitUpsideDown UIInterfaceOrientationLandscapeLeft UIInterfaceOrientationLandscapeRight";
				INFOPLIST_KEY_UISupportedInterfaceOrientations_iPhone = "UIInterfaceOrientationPortrait UIInterfaceOrientationLandscapeLeft UIInterfaceOrientationLandscapeRight";
				IPHONEOS_DEPLOYMENT_TARGET = 17.4;
				LD_RUNPATH_SEARCH_PATHS = "@executable_path/Frameworks";
				"LD_RUNPATH_SEARCH_PATHS[sdk=macosx*]" = "@executable_path/../Frameworks";
				MACOSX_DEPLOYMENT_TARGET = 14.4;
				MARKETING_VERSION = 1.0;
				PRODUCT_BUNDLE_IDENTIFIER = "com.weldtactics.Balance-Example";
				PRODUCT_NAME = "$(TARGET_NAME)";
				SDKROOT = auto;
				SUPPORTED_PLATFORMS = "iphoneos iphonesimulator macosx";
				SWIFT_EMIT_LOC_STRINGS = YES;
				SWIFT_VERSION = 5.0;
				TARGETED_DEVICE_FAMILY = "1,2";
			};
			name = Debug;
		};
		1229A9C12B9F603000E765B6 /* Release */ = {
			isa = XCBuildConfiguration;
			buildSettings = {
				ASSETCATALOG_COMPILER_APPICON_NAME = AppIcon;
				ASSETCATALOG_COMPILER_GLOBAL_ACCENT_COLOR_NAME = AccentColor;
				CODE_SIGN_ENTITLEMENTS = "Balance Example/Balance_Example.entitlements";
				CODE_SIGN_STYLE = Automatic;
				CURRENT_PROJECT_VERSION = 1;
				DEVELOPMENT_ASSET_PATHS = "\"Balance Example/Preview Content\"";
				DEVELOPMENT_TEAM = 8QQYNTY523;
				ENABLE_HARDENED_RUNTIME = YES;
				ENABLE_PREVIEWS = YES;
				GENERATE_INFOPLIST_FILE = YES;
				"INFOPLIST_KEY_UIApplicationSceneManifest_Generation[sdk=iphoneos*]" = YES;
				"INFOPLIST_KEY_UIApplicationSceneManifest_Generation[sdk=iphonesimulator*]" = YES;
				"INFOPLIST_KEY_UIApplicationSupportsIndirectInputEvents[sdk=iphoneos*]" = YES;
				"INFOPLIST_KEY_UIApplicationSupportsIndirectInputEvents[sdk=iphonesimulator*]" = YES;
				"INFOPLIST_KEY_UILaunchScreen_Generation[sdk=iphoneos*]" = YES;
				"INFOPLIST_KEY_UILaunchScreen_Generation[sdk=iphonesimulator*]" = YES;
				"INFOPLIST_KEY_UIStatusBarStyle[sdk=iphoneos*]" = UIStatusBarStyleDefault;
				"INFOPLIST_KEY_UIStatusBarStyle[sdk=iphonesimulator*]" = UIStatusBarStyleDefault;
				INFOPLIST_KEY_UISupportedInterfaceOrientations_iPad = "UIInterfaceOrientationPortrait UIInterfaceOrientationPortraitUpsideDown UIInterfaceOrientationLandscapeLeft UIInterfaceOrientationLandscapeRight";
				INFOPLIST_KEY_UISupportedInterfaceOrientations_iPhone = "UIInterfaceOrientationPortrait UIInterfaceOrientationLandscapeLeft UIInterfaceOrientationLandscapeRight";
				IPHONEOS_DEPLOYMENT_TARGET = 17.4;
				LD_RUNPATH_SEARCH_PATHS = "@executable_path/Frameworks";
				"LD_RUNPATH_SEARCH_PATHS[sdk=macosx*]" = "@executable_path/../Frameworks";
				MACOSX_DEPLOYMENT_TARGET = 14.4;
				MARKETING_VERSION = 1.0;
				PRODUCT_BUNDLE_IDENTIFIER = "com.weldtactics.Balance-Example";
				PRODUCT_NAME = "$(TARGET_NAME)";
				SDKROOT = auto;
				SUPPORTED_PLATFORMS = "iphoneos iphonesimulator macosx";
				SWIFT_EMIT_LOC_STRINGS = YES;
				SWIFT_VERSION = 5.0;
				TARGETED_DEVICE_FAMILY = "1,2";
			};
			name = Release;
		};
		1229A9C32B9F603000E765B6 /* Debug */ = {
			isa = XCBuildConfiguration;
			buildSettings = {
				ALWAYS_EMBED_SWIFT_STANDARD_LIBRARIES = YES;
				BUNDLE_LOADER = "$(TEST_HOST)";
				CODE_SIGN_STYLE = Automatic;
				CURRENT_PROJECT_VERSION = 1;
				DEVELOPMENT_TEAM = 8QQYNTY523;
				GENERATE_INFOPLIST_FILE = YES;
				IPHONEOS_DEPLOYMENT_TARGET = 17.4;
				MACOSX_DEPLOYMENT_TARGET = 14.4;
				MARKETING_VERSION = 1.0;
				PRODUCT_BUNDLE_IDENTIFIER = "com.weldtactics.Balance-ExampleTests";
				PRODUCT_NAME = "$(TARGET_NAME)";
				SDKROOT = auto;
				SUPPORTED_PLATFORMS = "iphoneos iphonesimulator macosx";
				SWIFT_EMIT_LOC_STRINGS = NO;
				SWIFT_VERSION = 5.0;
				TARGETED_DEVICE_FAMILY = "1,2";
				TEST_HOST = "$(BUILT_PRODUCTS_DIR)/Balance Example.app/$(BUNDLE_EXECUTABLE_FOLDER_PATH)/Balance Example";
			};
			name = Debug;
		};
		1229A9C42B9F603000E765B6 /* Release */ = {
			isa = XCBuildConfiguration;
			buildSettings = {
				ALWAYS_EMBED_SWIFT_STANDARD_LIBRARIES = YES;
				BUNDLE_LOADER = "$(TEST_HOST)";
				CODE_SIGN_STYLE = Automatic;
				CURRENT_PROJECT_VERSION = 1;
				DEVELOPMENT_TEAM = 8QQYNTY523;
				GENERATE_INFOPLIST_FILE = YES;
				IPHONEOS_DEPLOYMENT_TARGET = 17.4;
				MACOSX_DEPLOYMENT_TARGET = 14.4;
				MARKETING_VERSION = 1.0;
				PRODUCT_BUNDLE_IDENTIFIER = "com.weldtactics.Balance-ExampleTests";
				PRODUCT_NAME = "$(TARGET_NAME)";
				SDKROOT = auto;
				SUPPORTED_PLATFORMS = "iphoneos iphonesimulator macosx";
				SWIFT_EMIT_LOC_STRINGS = NO;
				SWIFT_VERSION = 5.0;
				TARGETED_DEVICE_FAMILY = "1,2";
				TEST_HOST = "$(BUILT_PRODUCTS_DIR)/Balance Example.app/$(BUNDLE_EXECUTABLE_FOLDER_PATH)/Balance Example";
			};
			name = Release;
		};
		1229A9C62B9F603000E765B6 /* Debug */ = {
			isa = XCBuildConfiguration;
			buildSettings = {
				ALWAYS_EMBED_SWIFT_STANDARD_LIBRARIES = YES;
				CODE_SIGN_STYLE = Automatic;
				CURRENT_PROJECT_VERSION = 1;
				DEVELOPMENT_TEAM = 8QQYNTY523;
				GENERATE_INFOPLIST_FILE = YES;
				IPHONEOS_DEPLOYMENT_TARGET = 17.4;
				MACOSX_DEPLOYMENT_TARGET = 14.4;
				MARKETING_VERSION = 1.0;
				PRODUCT_BUNDLE_IDENTIFIER = "com.weldtactics.Balance-ExampleUITests";
				PRODUCT_NAME = "$(TARGET_NAME)";
				SDKROOT = auto;
				SUPPORTED_PLATFORMS = "iphoneos iphonesimulator macosx";
				SWIFT_EMIT_LOC_STRINGS = NO;
				SWIFT_VERSION = 5.0;
				TARGETED_DEVICE_FAMILY = "1,2";
				TEST_TARGET_NAME = "Balance Example";
			};
			name = Debug;
		};
		1229A9C72B9F603000E765B6 /* Release */ = {
			isa = XCBuildConfiguration;
			buildSettings = {
				ALWAYS_EMBED_SWIFT_STANDARD_LIBRARIES = YES;
				CODE_SIGN_STYLE = Automatic;
				CURRENT_PROJECT_VERSION = 1;
				DEVELOPMENT_TEAM = 8QQYNTY523;
				GENERATE_INFOPLIST_FILE = YES;
				IPHONEOS_DEPLOYMENT_TARGET = 17.4;
				MACOSX_DEPLOYMENT_TARGET = 14.4;
				MARKETING_VERSION = 1.0;
				PRODUCT_BUNDLE_IDENTIFIER = "com.weldtactics.Balance-ExampleUITests";
				PRODUCT_NAME = "$(TARGET_NAME)";
				SDKROOT = auto;
				SUPPORTED_PLATFORMS = "iphoneos iphonesimulator macosx";
				SWIFT_EMIT_LOC_STRINGS = NO;
				SWIFT_VERSION = 5.0;
				TARGETED_DEVICE_FAMILY = "1,2";
				TEST_TARGET_NAME = "Balance Example";
			};
			name = Release;
		};
/* End XCBuildConfiguration section */

/* Begin XCConfigurationList section */
		1229A9952B9F602E00E765B6 /* Build configuration list for PBXProject "Balance Example" */ = {
			isa = XCConfigurationList;
			buildConfigurations = (
				1229A9BD2B9F603000E765B6 /* Debug */,
				1229A9BE2B9F603000E765B6 /* Release */,
			);
			defaultConfigurationIsVisible = 0;
			defaultConfigurationName = Release;
		};
		1229A9BF2B9F603000E765B6 /* Build configuration list for PBXNativeTarget "Balance Example" */ = {
			isa = XCConfigurationList;
			buildConfigurations = (
				1229A9C02B9F603000E765B6 /* Debug */,
				1229A9C12B9F603000E765B6 /* Release */,
			);
			defaultConfigurationIsVisible = 0;
			defaultConfigurationName = Release;
		};
		1229A9C22B9F603000E765B6 /* Build configuration list for PBXNativeTarget "Balance ExampleTests" */ = {
			isa = XCConfigurationList;
			buildConfigurations = (
				1229A9C32B9F603000E765B6 /* Debug */,
				1229A9C42B9F603000E765B6 /* Release */,
			);
			defaultConfigurationIsVisible = 0;
			defaultConfigurationName = Release;
		};
		1229A9C52B9F603000E765B6 /* Build configuration list for PBXNativeTarget "Balance ExampleUITests" */ = {
			isa = XCConfigurationList;
			buildConfigurations = (
				1229A9C62B9F603000E765B6 /* Debug */,
				1229A9C72B9F603000E765B6 /* Release */,
			);
			defaultConfigurationIsVisible = 0;
			defaultConfigurationName = Release;
		};
/* End XCConfigurationList section */
	};
	rootObject = 1229A9922B9F602E00E765B6 /* Project object */;
}
